
Microsoft Visual Studio Solution File, Format Version 12.00
# Visual Studio Version 17
VisualStudioVersion = 17.9.34723.18
MinimumVisualStudioVersion = 10.0.40219.1
Project("{FAE04EC0-301F-11D3-BF4B-00C04F79EFBC}") = "StanNaDan", "StanNaDan\StanNaDan.csproj", "{20C49E58-36DB-4C03-A724-CF4B20C88400}"
EndProject
Global
	GlobalSection(SolutionConfigurationPlatforms) = preSolution
		Debug|Any CPU = Debug|Any CPU
		Release|Any CPU = Release|Any CPU
	EndGlobalSection
	GlobalSection(ProjectConfigurationPlatforms) = postSolution
		{20C49E58-36DB-4C03-A724-CF4B20C88400}.Debug|Any CPU.ActiveCfg = Debug|Any CPU
		{20C49E58-36DB-4C03-A724-CF4B20C88400}.Debug|Any CPU.Build.0 = Debug|Any CPU
		{20C49E58-36DB-4C03-A724-CF4B20C88400}.Release|Any CPU.ActiveCfg = Release|Any CPU
		{20C49E58-36DB-4C03-A724-CF4B20C88400}.Release|Any CPU.Build.0 = Release|Any CPU
	EndGlobalSection
	GlobalSection(SolutionProperties) = preSolution
		HideSolutionNode = FALSE
	EndGlobalSection
	GlobalSection(ExtensibilityGlobals) = postSolution
		SolutionGuid = {DC639A99-BB39-4694-BD87-C59DC7C88883}
	EndGlobalSection
EndGlobal
